// !$*UTF8*$!
{
	archiveVersion = 1;
	classes = {
	};
	objectVersion = 56;
	objects = {

/* Begin PBXBuildFile section */
		D996C6AB2CAC5961002FDF7E /* AveriaSansLibre-Regular.ttf in Resources */ = {isa = PBXBuildFile; fileRef = D996C6A42CAC5646002FDF7E /* AveriaSansLibre-Regular.ttf */; };
		D996C6AD2CAC5C16002FDF7E /* GermaniaOne-Regular.ttf in Resources */ = {isa = PBXBuildFile; fileRef = D996C6AC2CAC5BC1002FDF7E /* GermaniaOne-Regular.ttf */; };
		D996C6AF2CB44C59002FDF7E /* NavButtons.swift in Sources */ = {isa = PBXBuildFile; fileRef = D996C6AE2CB44C59002FDF7E /* NavButtons.swift */; };
		D9AF96032C911F2500C159A0 /* Capstone_IOSApp.swift in Sources */ = {isa = PBXBuildFile; fileRef = D9AF96022C911F2500C159A0 /* Capstone_IOSApp.swift */; };
		D9AF96072C911F2500C159A0 /* Assets.xcassets in Resources */ = {isa = PBXBuildFile; fileRef = D9AF96062C911F2500C159A0 /* Assets.xcassets */; };
		D9AF964C2C93E2DC00C159A0 /* QuizView.swift in Sources */ = {isa = PBXBuildFile; fileRef = D9AF964B2C93E2DC00C159A0 /* QuizView.swift */; };
		D9AF96502C93E53A00C159A0 /* IntroView.swift in Sources */ = {isa = PBXBuildFile; fileRef = D9AF964F2C93E53A00C159A0 /* IntroView.swift */; };
		D9AF96542C93F45F00C159A0 /* ContentType.swift in Sources */ = {isa = PBXBuildFile; fileRef = D9AF96532C93F45F00C159A0 /* ContentType.swift */; };
		D9AF96582C93F5DB00C159A0 /* ContentView.swift in Sources */ = {isa = PBXBuildFile; fileRef = D9AF96572C93F5DB00C159A0 /* ContentView.swift */; };
		D9AF965C2C93FFBD00C159A0 /* LectureView.swift in Sources */ = {isa = PBXBuildFile; fileRef = D9AF965B2C93FFBD00C159A0 /* LectureView.swift */; };
		D9AF96602C9536BA00C159A0 /* NavBarView.swift in Sources */ = {isa = PBXBuildFile; fileRef = D9AF965F2C9536BA00C159A0 /* NavBarView.swift */; };
		D9AF96782CA3873700C159A0 /* ProgressBar.swift in Sources */ = {isa = PBXBuildFile; fileRef = D9AF96772CA3873700C159A0 /* ProgressBar.swift */; };
		D9AF96832CA70C6F00C159A0 /* ContentViewModel.swift in Sources */ = {isa = PBXBuildFile; fileRef = D9AF96812CA5BD8700C159A0 /* ContentViewModel.swift */; };
		D9AF96872CA70D9E00C159A0 /* Lesson1.geojson in Resources */ = {isa = PBXBuildFile; fileRef = D9AF96702C968C7300C159A0 /* Lesson1.geojson */; };
		D9AF96892CA70DB300C159A0 /* Lesson2.geojson in Resources */ = {isa = PBXBuildFile; fileRef = D9AF96722C968D3100C159A0 /* Lesson2.geojson */; };
		D9AF968A2CA70DB600C159A0 /* Lesson3.geojson in Resources */ = {isa = PBXBuildFile; fileRef = D9AF96732C968D8400C159A0 /* Lesson3.geojson */; };
/* End PBXBuildFile section */

/* Begin PBXContainerItemProxy section */
		D9AF96112C911F2500C159A0 /* PBXContainerItemProxy */ = {
			isa = PBXContainerItemProxy;
			containerPortal = D9AF95F72C911F2500C159A0 /* Project object */;
			proxyType = 1;
			remoteGlobalIDString = D9AF95FE2C911F2500C159A0;
			remoteInfo = Capstone_IOS;
		};
		D9AF961B2C911F2500C159A0 /* PBXContainerItemProxy */ = {
			isa = PBXContainerItemProxy;
			containerPortal = D9AF95F72C911F2500C159A0 /* Project object */;
			proxyType = 1;
			remoteGlobalIDString = D9AF95FE2C911F2500C159A0;
			remoteInfo = Capstone_IOS;
		};
/* End PBXContainerItemProxy section */

/* Begin PBXFileReference section */
		D996C69E2CAC562F002FDF7E /* Capstone-IOS-Info.plist */ = {isa = PBXFileReference; lastKnownFileType = text.plist; path = "Capstone-IOS-Info.plist"; sourceTree = SOURCE_ROOT; };
		D996C6A02CAC5646002FDF7E /* AveriaSansLibre-Italic.ttf */ = {isa = PBXFileReference; lastKnownFileType = file; path = "AveriaSansLibre-Italic.ttf"; sourceTree = "<group>"; };
		D996C6A12CAC5646002FDF7E /* AveriaSansLibre-Light.ttf */ = {isa = PBXFileReference; lastKnownFileType = file; path = "AveriaSansLibre-Light.ttf"; sourceTree = "<group>"; };
		D996C6A22CAC5646002FDF7E /* AveriaSansLibre-Bold.ttf */ = {isa = PBXFileReference; lastKnownFileType = file; path = "AveriaSansLibre-Bold.ttf"; sourceTree = "<group>"; };
		D996C6A32CAC5646002FDF7E /* AveriaSansLibre-BoldItalic.ttf */ = {isa = PBXFileReference; lastKnownFileType = file; path = "AveriaSansLibre-BoldItalic.ttf"; sourceTree = "<group>"; };
		D996C6A42CAC5646002FDF7E /* AveriaSansLibre-Regular.ttf */ = {isa = PBXFileReference; lastKnownFileType = file; path = "AveriaSansLibre-Regular.ttf"; sourceTree = "<group>"; };
		D996C6A52CAC5646002FDF7E /* OFL.txt */ = {isa = PBXFileReference; lastKnownFileType = text; path = OFL.txt; sourceTree = "<group>"; };
		D996C6A62CAC5646002FDF7E /* AveriaSansLibre-LightItalic.ttf */ = {isa = PBXFileReference; lastKnownFileType = file; path = "AveriaSansLibre-LightItalic.ttf"; sourceTree = "<group>"; };
		D996C6AC2CAC5BC1002FDF7E /* GermaniaOne-Regular.ttf */ = {isa = PBXFileReference; lastKnownFileType = file; path = "GermaniaOne-Regular.ttf"; sourceTree = "<group>"; };
		D996C6AE2CB44C59002FDF7E /* NavButtons.swift */ = {isa = PBXFileReference; lastKnownFileType = sourcecode.swift; path = NavButtons.swift; sourceTree = "<group>"; };
		D9AF95FF2C911F2500C159A0 /* Capstone_IOS.app */ = {isa = PBXFileReference; explicitFileType = wrapper.application; includeInIndex = 0; path = Capstone_IOS.app; sourceTree = BUILT_PRODUCTS_DIR; };
		D9AF96022C911F2500C159A0 /* Capstone_IOSApp.swift */ = {isa = PBXFileReference; lastKnownFileType = sourcecode.swift; path = Capstone_IOSApp.swift; sourceTree = "<group>"; };
		D9AF96062C911F2500C159A0 /* Assets.xcassets */ = {isa = PBXFileReference; lastKnownFileType = folder.assetcatalog; path = Assets.xcassets; sourceTree = "<group>"; };
		D9AF96082C911F2500C159A0 /* Capstone_IOS.entitlements */ = {isa = PBXFileReference; lastKnownFileType = text.plist.entitlements; path = Capstone_IOS.entitlements; sourceTree = "<group>"; };
		D9AF96102C911F2500C159A0 /* Capstone_IOSTests.xctest */ = {isa = PBXFileReference; explicitFileType = wrapper.cfbundle; includeInIndex = 0; path = Capstone_IOSTests.xctest; sourceTree = BUILT_PRODUCTS_DIR; };
		D9AF961A2C911F2500C159A0 /* Capstone_IOSUITests.xctest */ = {isa = PBXFileReference; explicitFileType = wrapper.cfbundle; includeInIndex = 0; path = Capstone_IOSUITests.xctest; sourceTree = BUILT_PRODUCTS_DIR; };
		D9AF964B2C93E2DC00C159A0 /* QuizView.swift */ = {isa = PBXFileReference; lastKnownFileType = sourcecode.swift; path = QuizView.swift; sourceTree = "<group>"; };
		D9AF964F2C93E53A00C159A0 /* IntroView.swift */ = {isa = PBXFileReference; lastKnownFileType = sourcecode.swift; path = IntroView.swift; sourceTree = "<group>"; };
		D9AF96532C93F45F00C159A0 /* ContentType.swift */ = {isa = PBXFileReference; lastKnownFileType = sourcecode.swift; path = ContentType.swift; sourceTree = "<group>"; };
		D9AF96572C93F5DB00C159A0 /* ContentView.swift */ = {isa = PBXFileReference; lastKnownFileType = sourcecode.swift; path = ContentView.swift; sourceTree = "<group>"; };
		D9AF965B2C93FFBD00C159A0 /* LectureView.swift */ = {isa = PBXFileReference; lastKnownFileType = sourcecode.swift; path = LectureView.swift; sourceTree = "<group>"; };
		D9AF965F2C9536BA00C159A0 /* NavBarView.swift */ = {isa = PBXFileReference; lastKnownFileType = sourcecode.swift; path = NavBarView.swift; sourceTree = "<group>"; };
		D9AF96702C968C7300C159A0 /* Lesson1.geojson */ = {isa = PBXFileReference; explicitFileType = text.json; path = Lesson1.geojson; sourceTree = "<group>"; };
		D9AF96722C968D3100C159A0 /* Lesson2.geojson */ = {isa = PBXFileReference; explicitFileType = text.json; path = Lesson2.geojson; sourceTree = "<group>"; };
		D9AF96732C968D8400C159A0 /* Lesson3.geojson */ = {isa = PBXFileReference; explicitFileType = text.json; path = Lesson3.geojson; sourceTree = "<group>"; };
		D9AF96772CA3873700C159A0 /* ProgressBar.swift */ = {isa = PBXFileReference; lastKnownFileType = sourcecode.swift; path = ProgressBar.swift; sourceTree = "<group>"; };
		D9AF96812CA5BD8700C159A0 /* ContentViewModel.swift */ = {isa = PBXFileReference; lastKnownFileType = sourcecode.swift; path = ContentViewModel.swift; sourceTree = "<group>"; };
/* End PBXFileReference section */

/* Begin PBXFrameworksBuildPhase section */
		D9AF95FC2C911F2500C159A0 /* Frameworks */ = {
			isa = PBXFrameworksBuildPhase;
			buildActionMask = 2147483647;
			files = (
			);
			runOnlyForDeploymentPostprocessing = 0;
		};
		D9AF960D2C911F2500C159A0 /* Frameworks */ = {
			isa = PBXFrameworksBuildPhase;
			buildActionMask = 2147483647;
			files = (
			);
			runOnlyForDeploymentPostprocessing = 0;
		};
		D9AF96172C911F2500C159A0 /* Frameworks */ = {
			isa = PBXFrameworksBuildPhase;
			buildActionMask = 2147483647;
			files = (
			);
			runOnlyForDeploymentPostprocessing = 0;
		};
/* End PBXFrameworksBuildPhase section */

/* Begin PBXGroup section */
		D996C69B2CA864DF002FDF7E /* Preview Content */ = {
			isa = PBXGroup;
			children = (
			);
			path = "Preview Content";
			sourceTree = "<group>";
		};
		D996C69F2CAC5646002FDF7E /* Averia_Sans_Libre */ = {
			isa = PBXGroup;
			children = (
				D996C6A42CAC5646002FDF7E /* AveriaSansLibre-Regular.ttf */,
				D996C6A02CAC5646002FDF7E /* AveriaSansLibre-Italic.ttf */,
				D996C6A12CAC5646002FDF7E /* AveriaSansLibre-Light.ttf */,
				D996C6A22CAC5646002FDF7E /* AveriaSansLibre-Bold.ttf */,
				D996C6A32CAC5646002FDF7E /* AveriaSansLibre-BoldItalic.ttf */,
				D996C6A52CAC5646002FDF7E /* OFL.txt */,
				D996C6A62CAC5646002FDF7E /* AveriaSansLibre-LightItalic.ttf */,
			);
			path = Averia_Sans_Libre;
			sourceTree = "<group>";
		};
		D9AF95F62C911F2500C159A0 = {
			isa = PBXGroup;
			children = (
				D9AF96012C911F2500C159A0 /* Capstone_IOS */,
				D9AF96002C911F2500C159A0 /* Products */,
			);
			sourceTree = "<group>";
		};
		D9AF96002C911F2500C159A0 /* Products */ = {
			isa = PBXGroup;
			children = (
				D9AF95FF2C911F2500C159A0 /* Capstone_IOS.app */,
				D9AF96102C911F2500C159A0 /* Capstone_IOSTests.xctest */,
				D9AF961A2C911F2500C159A0 /* Capstone_IOSUITests.xctest */,
			);
			name = Products;
			sourceTree = "<group>";
		};
		D9AF96012C911F2500C159A0 /* Capstone_IOS */ = {
			isa = PBXGroup;
			children = (
				D996C6AC2CAC5BC1002FDF7E /* GermaniaOne-Regular.ttf */,
				D996C69E2CAC562F002FDF7E /* Capstone-IOS-Info.plist */,
				D996C69F2CAC5646002FDF7E /* Averia_Sans_Libre */,
				D996C69B2CA864DF002FDF7E /* Preview Content */,
				D9AF96762CA3871A00C159A0 /* Components */,
				D9AF966F2C968C4800C159A0 /* Data */,
				D9AF96412C93D9F100C159A0 /* ViewModels */,
				D9AF963D2C93D6B900C159A0 /* Views */,
				D9AF96372C93D66A00C159A0 /* Models */,
				D9AF96022C911F2500C159A0 /* Capstone_IOSApp.swift */,
				D9AF96062C911F2500C159A0 /* Assets.xcassets */,
				D9AF96082C911F2500C159A0 /* Capstone_IOS.entitlements */,
			);
			path = Capstone_IOS;
			sourceTree = "<group>";
		};
		D9AF96372C93D66A00C159A0 /* Models */ = {
			isa = PBXGroup;
			children = (
				D9AF96532C93F45F00C159A0 /* ContentType.swift */,
			);
			path = Models;
			sourceTree = "<group>";
		};
		D9AF963D2C93D6B900C159A0 /* Views */ = {
			isa = PBXGroup;
			children = (
				D9AF964B2C93E2DC00C159A0 /* QuizView.swift */,
				D9AF964F2C93E53A00C159A0 /* IntroView.swift */,
				D9AF96572C93F5DB00C159A0 /* ContentView.swift */,
				D9AF965B2C93FFBD00C159A0 /* LectureView.swift */,
				D9AF965F2C9536BA00C159A0 /* NavBarView.swift */,
			);
			path = Views;
			sourceTree = "<group>";
		};
		D9AF96412C93D9F100C159A0 /* ViewModels */ = {
			isa = PBXGroup;
			children = (
				D9AF96812CA5BD8700C159A0 /* ContentViewModel.swift */,
			);
			path = ViewModels;
			sourceTree = "<group>";
		};
		D9AF966F2C968C4800C159A0 /* Data */ = {
			isa = PBXGroup;
			children = (
				D9AF96702C968C7300C159A0 /* Lesson1.geojson */,
				D9AF96722C968D3100C159A0 /* Lesson2.geojson */,
				D9AF96732C968D8400C159A0 /* Lesson3.geojson */,
			);
			path = Data;
			sourceTree = "<group>";
		};
		D9AF96762CA3871A00C159A0 /* Components */ = {
			isa = PBXGroup;
			children = (
				D9AF96772CA3873700C159A0 /* ProgressBar.swift */,
				D996C6AE2CB44C59002FDF7E /* NavButtons.swift */,
			);
			path = Components;
			sourceTree = "<group>";
		};
/* End PBXGroup section */

/* Begin PBXNativeTarget section */
		D9AF95FE2C911F2500C159A0 /* Capstone_IOS */ = {
			isa = PBXNativeTarget;
			buildConfigurationList = D9AF96242C911F2500C159A0 /* Build configuration list for PBXNativeTarget "Capstone_IOS" */;
			buildPhases = (
				D9AF95FB2C911F2500C159A0 /* Sources */,
				D9AF95FC2C911F2500C159A0 /* Frameworks */,
				D9AF95FD2C911F2500C159A0 /* Resources */,
			);
			buildRules = (
			);
			dependencies = (
			);
			name = Capstone_IOS;
			productName = Capstone_IOS;
			productReference = D9AF95FF2C911F2500C159A0 /* Capstone_IOS.app */;
			productType = "com.apple.product-type.application";
		};
		D9AF960F2C911F2500C159A0 /* Capstone_IOSTests */ = {
			isa = PBXNativeTarget;
			buildConfigurationList = D9AF96272C911F2500C159A0 /* Build configuration list for PBXNativeTarget "Capstone_IOSTests" */;
			buildPhases = (
				D9AF960C2C911F2500C159A0 /* Sources */,
				D9AF960D2C911F2500C159A0 /* Frameworks */,
				D9AF960E2C911F2500C159A0 /* Resources */,
			);
			buildRules = (
			);
			dependencies = (
				D9AF96122C911F2500C159A0 /* PBXTargetDependency */,
			);
			name = Capstone_IOSTests;
			productName = Capstone_IOSTests;
			productReference = D9AF96102C911F2500C159A0 /* Capstone_IOSTests.xctest */;
			productType = "com.apple.product-type.bundle.unit-test";
		};
		D9AF96192C911F2500C159A0 /* Capstone_IOSUITests */ = {
			isa = PBXNativeTarget;
			buildConfigurationList = D9AF962A2C911F2500C159A0 /* Build configuration list for PBXNativeTarget "Capstone_IOSUITests" */;
			buildPhases = (
				D9AF96162C911F2500C159A0 /* Sources */,
				D9AF96172C911F2500C159A0 /* Frameworks */,
				D9AF96182C911F2500C159A0 /* Resources */,
			);
			buildRules = (
			);
			dependencies = (
				D9AF961C2C911F2500C159A0 /* PBXTargetDependency */,
			);
			name = Capstone_IOSUITests;
			productName = Capstone_IOSUITests;
			productReference = D9AF961A2C911F2500C159A0 /* Capstone_IOSUITests.xctest */;
			productType = "com.apple.product-type.bundle.ui-testing";
		};
/* End PBXNativeTarget section */

/* Begin PBXProject section */
		D9AF95F72C911F2500C159A0 /* Project object */ = {
			isa = PBXProject;
			attributes = {
				BuildIndependentTargetsInParallel = 1;
				LastSwiftUpdateCheck = 1430;
				LastUpgradeCheck = 1430;
				TargetAttributes = {
					D9AF95FE2C911F2500C159A0 = {
						CreatedOnToolsVersion = 14.3.1;
					};
					D9AF960F2C911F2500C159A0 = {
						CreatedOnToolsVersion = 14.3.1;
						TestTargetID = D9AF95FE2C911F2500C159A0;
					};
					D9AF96192C911F2500C159A0 = {
						CreatedOnToolsVersion = 14.3.1;
						TestTargetID = D9AF95FE2C911F2500C159A0;
					};
				};
			};
			buildConfigurationList = D9AF95FA2C911F2500C159A0 /* Build configuration list for PBXProject "Capstone_IOS" */;
			compatibilityVersion = "Xcode 14.0";
			developmentRegion = en;
			hasScannedForEncodings = 0;
			knownRegions = (
				en,
				Base,
			);
			mainGroup = D9AF95F62C911F2500C159A0;
			productRefGroup = D9AF96002C911F2500C159A0 /* Products */;
			projectDirPath = "";
			projectRoot = "";
			targets = (
				D9AF95FE2C911F2500C159A0 /* Capstone_IOS */,
				D9AF960F2C911F2500C159A0 /* Capstone_IOSTests */,
				D9AF96192C911F2500C159A0 /* Capstone_IOSUITests */,
			);
		};
/* End PBXProject section */

/* Begin PBXResourcesBuildPhase section */
		D9AF95FD2C911F2500C159A0 /* Resources */ = {
			isa = PBXResourcesBuildPhase;
			buildActionMask = 2147483647;
			files = (
				D996C6AB2CAC5961002FDF7E /* AveriaSansLibre-Regular.ttf in Resources */,
				D9AF96892CA70DB300C159A0 /* Lesson2.geojson in Resources */,
				D9AF968A2CA70DB600C159A0 /* Lesson3.geojson in Resources */,
				D9AF96872CA70D9E00C159A0 /* Lesson1.geojson in Resources */,
				D996C6AD2CAC5C16002FDF7E /* GermaniaOne-Regular.ttf in Resources */,
				D9AF96072C911F2500C159A0 /* Assets.xcassets in Resources */,
			);
			runOnlyForDeploymentPostprocessing = 0;
		};
		D9AF960E2C911F2500C159A0 /* Resources */ = {
			isa = PBXResourcesBuildPhase;
			buildActionMask = 2147483647;
			files = (
			);
			runOnlyForDeploymentPostprocessing = 0;
		};
		D9AF96182C911F2500C159A0 /* Resources */ = {
			isa = PBXResourcesBuildPhase;
			buildActionMask = 2147483647;
			files = (
			);
			runOnlyForDeploymentPostprocessing = 0;
		};
/* End PBXResourcesBuildPhase section */

/* Begin PBXSourcesBuildPhase section */
		D9AF95FB2C911F2500C159A0 /* Sources */ = {
			isa = PBXSourcesBuildPhase;
			buildActionMask = 2147483647;
			files = (
				D9AF96582C93F5DB00C159A0 /* ContentView.swift in Sources */,
				D9AF964C2C93E2DC00C159A0 /* QuizView.swift in Sources */,
				D9AF96502C93E53A00C159A0 /* IntroView.swift in Sources */,
				D9AF96602C9536BA00C159A0 /* NavBarView.swift in Sources */,
				D9AF96832CA70C6F00C159A0 /* ContentViewModel.swift in Sources */,
				D9AF96032C911F2500C159A0 /* Capstone_IOSApp.swift in Sources */,
				D9AF96542C93F45F00C159A0 /* ContentType.swift in Sources */,
				D996C6AF2CB44C59002FDF7E /* NavButtons.swift in Sources */,
				D9AF96782CA3873700C159A0 /* ProgressBar.swift in Sources */,
				D9AF965C2C93FFBD00C159A0 /* LectureView.swift in Sources */,
			);
			runOnlyForDeploymentPostprocessing = 0;
		};
		D9AF960C2C911F2500C159A0 /* Sources */ = {
			isa = PBXSourcesBuildPhase;
			buildActionMask = 2147483647;
			files = (
			);
			runOnlyForDeploymentPostprocessing = 0;
		};
		D9AF96162C911F2500C159A0 /* Sources */ = {
			isa = PBXSourcesBuildPhase;
			buildActionMask = 2147483647;
			files = (
			);
			runOnlyForDeploymentPostprocessing = 0;
		};
/* End PBXSourcesBuildPhase section */

/* Begin PBXTargetDependency section */
		D9AF96122C911F2500C159A0 /* PBXTargetDependency */ = {
			isa = PBXTargetDependency;
			target = D9AF95FE2C911F2500C159A0 /* Capstone_IOS */;
			targetProxy = D9AF96112C911F2500C159A0 /* PBXContainerItemProxy */;
		};
		D9AF961C2C911F2500C159A0 /* PBXTargetDependency */ = {
			isa = PBXTargetDependency;
			target = D9AF95FE2C911F2500C159A0 /* Capstone_IOS */;
			targetProxy = D9AF961B2C911F2500C159A0 /* PBXContainerItemProxy */;
		};
/* End PBXTargetDependency section */

/* Begin XCBuildConfiguration section */
		D9AF96222C911F2500C159A0 /* Debug */ = {
			isa = XCBuildConfiguration;
			buildSettings = {
				ALWAYS_SEARCH_USER_PATHS = NO;
				CLANG_ANALYZER_NONNULL = YES;
				CLANG_ANALYZER_NUMBER_OBJECT_CONVERSION = YES_AGGRESSIVE;
				CLANG_CXX_LANGUAGE_STANDARD = "gnu++20";
				CLANG_ENABLE_MODULES = YES;
				CLANG_ENABLE_OBJC_ARC = YES;
				CLANG_ENABLE_OBJC_WEAK = YES;
				CLANG_WARN_BLOCK_CAPTURE_AUTORELEASING = YES;
				CLANG_WARN_BOOL_CONVERSION = YES;
				CLANG_WARN_COMMA = YES;
				CLANG_WARN_CONSTANT_CONVERSION = YES;
				CLANG_WARN_DEPRECATED_OBJC_IMPLEMENTATIONS = YES;
				CLANG_WARN_DIRECT_OBJC_ISA_USAGE = YES_ERROR;
				CLANG_WARN_DOCUMENTATION_COMMENTS = YES;
				CLANG_WARN_EMPTY_BODY = YES;
				CLANG_WARN_ENUM_CONVERSION = YES;
				CLANG_WARN_INFINITE_RECURSION = YES;
				CLANG_WARN_INT_CONVERSION = YES;
				CLANG_WARN_NON_LITERAL_NULL_CONVERSION = YES;
				CLANG_WARN_OBJC_IMPLICIT_RETAIN_SELF = YES;
				CLANG_WARN_OBJC_LITERAL_CONVERSION = YES;
				CLANG_WARN_OBJC_ROOT_CLASS = YES_ERROR;
				CLANG_WARN_QUOTED_INCLUDE_IN_FRAMEWORK_HEADER = YES;
				CLANG_WARN_RANGE_LOOP_ANALYSIS = YES;
				CLANG_WARN_STRICT_PROTOTYPES = YES;
				CLANG_WARN_SUSPICIOUS_MOVE = YES;
				CLANG_WARN_UNGUARDED_AVAILABILITY = YES_AGGRESSIVE;
				CLANG_WARN_UNREACHABLE_CODE = YES;
				CLANG_WARN__DUPLICATE_METHOD_MATCH = YES;
				COPY_PHASE_STRIP = NO;
				DEBUG_INFORMATION_FORMAT = dwarf;
				ENABLE_STRICT_OBJC_MSGSEND = YES;
				ENABLE_TESTABILITY = YES;
				GCC_C_LANGUAGE_STANDARD = gnu11;
				GCC_DYNAMIC_NO_PIC = NO;
				GCC_NO_COMMON_BLOCKS = YES;
				GCC_OPTIMIZATION_LEVEL = 0;
				GCC_PREPROCESSOR_DEFINITIONS = (
					"DEBUG=1",
					"$(inherited)",
				);
				GCC_WARN_64_TO_32_BIT_CONVERSION = YES;
				GCC_WARN_ABOUT_RETURN_TYPE = YES_ERROR;
				GCC_WARN_UNDECLARED_SELECTOR = YES;
				GCC_WARN_UNINITIALIZED_AUTOS = YES_AGGRESSIVE;
				GCC_WARN_UNUSED_FUNCTION = YES;
				GCC_WARN_UNUSED_VARIABLE = YES;
				MTL_ENABLE_DEBUG_INFO = INCLUDE_SOURCE;
				MTL_FAST_MATH = YES;
				ONLY_ACTIVE_ARCH = YES;
				SWIFT_ACTIVE_COMPILATION_CONDITIONS = DEBUG;
				SWIFT_OPTIMIZATION_LEVEL = "-Onone";
			};
			name = Debug;
		};
		D9AF96232C911F2500C159A0 /* Release */ = {
			isa = XCBuildConfiguration;
			buildSettings = {
				ALWAYS_SEARCH_USER_PATHS = NO;
				CLANG_ANALYZER_NONNULL = YES;
				CLANG_ANALYZER_NUMBER_OBJECT_CONVERSION = YES_AGGRESSIVE;
				CLANG_CXX_LANGUAGE_STANDARD = "gnu++20";
				CLANG_ENABLE_MODULES = YES;
				CLANG_ENABLE_OBJC_ARC = YES;
				CLANG_ENABLE_OBJC_WEAK = YES;
				CLANG_WARN_BLOCK_CAPTURE_AUTORELEASING = YES;
				CLANG_WARN_BOOL_CONVERSION = YES;
				CLANG_WARN_COMMA = YES;
				CLANG_WARN_CONSTANT_CONVERSION = YES;
				CLANG_WARN_DEPRECATED_OBJC_IMPLEMENTATIONS = YES;
				CLANG_WARN_DIRECT_OBJC_ISA_USAGE = YES_ERROR;
				CLANG_WARN_DOCUMENTATION_COMMENTS = YES;
				CLANG_WARN_EMPTY_BODY = YES;
				CLANG_WARN_ENUM_CONVERSION = YES;
				CLANG_WARN_INFINITE_RECURSION = YES;
				CLANG_WARN_INT_CONVERSION = YES;
				CLANG_WARN_NON_LITERAL_NULL_CONVERSION = YES;
				CLANG_WARN_OBJC_IMPLICIT_RETAIN_SELF = YES;
				CLANG_WARN_OBJC_LITERAL_CONVERSION = YES;
				CLANG_WARN_OBJC_ROOT_CLASS = YES_ERROR;
				CLANG_WARN_QUOTED_INCLUDE_IN_FRAMEWORK_HEADER = YES;
				CLANG_WARN_RANGE_LOOP_ANALYSIS = YES;
				CLANG_WARN_STRICT_PROTOTYPES = YES;
				CLANG_WARN_SUSPICIOUS_MOVE = YES;
				CLANG_WARN_UNGUARDED_AVAILABILITY = YES_AGGRESSIVE;
				CLANG_WARN_UNREACHABLE_CODE = YES;
				CLANG_WARN__DUPLICATE_METHOD_MATCH = YES;
				COPY_PHASE_STRIP = NO;
				DEBUG_INFORMATION_FORMAT = "dwarf-with-dsym";
				ENABLE_NS_ASSERTIONS = NO;
				ENABLE_STRICT_OBJC_MSGSEND = YES;
				GCC_C_LANGUAGE_STANDARD = gnu11;
				GCC_NO_COMMON_BLOCKS = YES;
				GCC_WARN_64_TO_32_BIT_CONVERSION = YES;
				GCC_WARN_ABOUT_RETURN_TYPE = YES_ERROR;
				GCC_WARN_UNDECLARED_SELECTOR = YES;
				GCC_WARN_UNINITIALIZED_AUTOS = YES_AGGRESSIVE;
				GCC_WARN_UNUSED_FUNCTION = YES;
				GCC_WARN_UNUSED_VARIABLE = YES;
				MTL_ENABLE_DEBUG_INFO = NO;
				MTL_FAST_MATH = YES;
				SWIFT_COMPILATION_MODE = wholemodule;
				SWIFT_OPTIMIZATION_LEVEL = "-O";
			};
			name = Release;
		};
		D9AF96252C911F2500C159A0 /* Debug */ = {
			isa = XCBuildConfiguration;
			buildSettings = {
				ASSETCATALOG_COMPILER_APPICON_NAME = AppIcon;
				ASSETCATALOG_COMPILER_GLOBAL_ACCENT_COLOR_NAME = AccentColor;
				CODE_SIGN_ENTITLEMENTS = Capstone_IOS/Capstone_IOS.entitlements;
				CODE_SIGN_STYLE = Automatic;
				CURRENT_PROJECT_VERSION = 1;
				DEVELOPMENT_ASSET_PATHS = "\"Capstone_IOS/Preview Content\"";
				DEVELOPMENT_TEAM = RXMQ6Y57R5;
				ENABLE_HARDENED_RUNTIME = YES;
				ENABLE_PREVIEWS = YES;
				GENERATE_INFOPLIST_FILE = YES;
				INFOPLIST_FILE = "Capstone-IOS-Info.plist";
				"INFOPLIST_KEY_UIApplicationSceneManifest_Generation[sdk=iphoneos*]" = YES;
				"INFOPLIST_KEY_UIApplicationSceneManifest_Generation[sdk=iphonesimulator*]" = YES;
				"INFOPLIST_KEY_UIApplicationSupportsIndirectInputEvents[sdk=iphoneos*]" = YES;
				"INFOPLIST_KEY_UIApplicationSupportsIndirectInputEvents[sdk=iphonesimulator*]" = YES;
				"INFOPLIST_KEY_UILaunchScreen_Generation[sdk=iphoneos*]" = YES;
				"INFOPLIST_KEY_UILaunchScreen_Generation[sdk=iphonesimulator*]" = YES;
				"INFOPLIST_KEY_UIStatusBarStyle[sdk=iphoneos*]" = UIStatusBarStyleDefault;
				"INFOPLIST_KEY_UIStatusBarStyle[sdk=iphonesimulator*]" = UIStatusBarStyleDefault;
				INFOPLIST_KEY_UISupportedInterfaceOrientations_iPad = "UIInterfaceOrientationPortrait UIInterfaceOrientationPortraitUpsideDown UIInterfaceOrientationLandscapeLeft UIInterfaceOrientationLandscapeRight";
				INFOPLIST_KEY_UISupportedInterfaceOrientations_iPhone = "UIInterfaceOrientationPortrait UIInterfaceOrientationLandscapeLeft UIInterfaceOrientationLandscapeRight";
				IPHONEOS_DEPLOYMENT_TARGET = 16.4;
				LD_RUNPATH_SEARCH_PATHS = "@executable_path/Frameworks";
				"LD_RUNPATH_SEARCH_PATHS[sdk=macosx*]" = "@executable_path/../Frameworks";
				MACOSX_DEPLOYMENT_TARGET = 13.3;
				MARKETING_VERSION = 1.0;
				PRODUCT_BUNDLE_IDENTIFIER = "JEANE.Capstone-IOS";
				PRODUCT_NAME = "$(TARGET_NAME)";
				SDKROOT = auto;
				SUPPORTED_PLATFORMS = "iphoneos iphonesimulator macosx";
				SWIFT_EMIT_LOC_STRINGS = YES;
				SWIFT_VERSION = 5.0;
				TARGETED_DEVICE_FAMILY = "1,2";
			};
			name = Debug;
		};
		D9AF96262C911F2500C159A0 /* Release */ = {
			isa = XCBuildConfiguration;
			buildSettings = {
				ASSETCATALOG_COMPILER_APPICON_NAME = AppIcon;
				ASSETCATALOG_COMPILER_GLOBAL_ACCENT_COLOR_NAME = AccentColor;
				CODE_SIGN_ENTITLEMENTS = Capstone_IOS/Capstone_IOS.entitlements;
				CODE_SIGN_STYLE = Automatic;
				CURRENT_PROJECT_VERSION = 1;
				DEVELOPMENT_ASSET_PATHS = "\"Capstone_IOS/Preview Content\"";
				DEVELOPMENT_TEAM = RXMQ6Y57R5;
				ENABLE_HARDENED_RUNTIME = YES;
				ENABLE_PREVIEWS = YES;
				GENERATE_INFOPLIST_FILE = YES;
				INFOPLIST_FILE = "Capstone-IOS-Info.plist";
				"INFOPLIST_KEY_UIApplicationSceneManifest_Generation[sdk=iphoneos*]" = YES;
				"INFOPLIST_KEY_UIApplicationSceneManifest_Generation[sdk=iphonesimulator*]" = YES;
				"INFOPLIST_KEY_UIApplicationSupportsIndirectInputEvents[sdk=iphoneos*]" = YES;
				"INFOPLIST_KEY_UIApplicationSupportsIndirectInputEvents[sdk=iphonesimulator*]" = YES;
				"INFOPLIST_KEY_UILaunchScreen_Generation[sdk=iphoneos*]" = YES;
				"INFOPLIST_KEY_UILaunchScreen_Generation[sdk=iphonesimulator*]" = YES;
				"INFOPLIST_KEY_UIStatusBarStyle[sdk=iphoneos*]" = UIStatusBarStyleDefault;
				"INFOPLIST_KEY_UIStatusBarStyle[sdk=iphonesimulator*]" = UIStatusBarStyleDefault;
				INFOPLIST_KEY_UISupportedInterfaceOrientations_iPad = "UIInterfaceOrientationPortrait UIInterfaceOrientationPortraitUpsideDown UIInterfaceOrientationLandscapeLeft UIInterfaceOrientationLandscapeRight";
				INFOPLIST_KEY_UISupportedInterfaceOrientations_iPhone = "UIInterfaceOrientationPortrait UIInterfaceOrientationLandscapeLeft UIInterfaceOrientationLandscapeRight";
				IPHONEOS_DEPLOYMENT_TARGET = 16.4;
				LD_RUNPATH_SEARCH_PATHS = "@executable_path/Frameworks";
				"LD_RUNPATH_SEARCH_PATHS[sdk=macosx*]" = "@executable_path/../Frameworks";
				MACOSX_DEPLOYMENT_TARGET = 13.3;
				MARKETING_VERSION = 1.0;
				PRODUCT_BUNDLE_IDENTIFIER = "JEANE.Capstone-IOS";
				PRODUCT_NAME = "$(TARGET_NAME)";
				SDKROOT = auto;
				SUPPORTED_PLATFORMS = "iphoneos iphonesimulator macosx";
				SWIFT_EMIT_LOC_STRINGS = YES;
				SWIFT_VERSION = 5.0;
				TARGETED_DEVICE_FAMILY = "1,2";
			};
			name = Release;
		};
		D9AF96282C911F2500C159A0 /* Debug */ = {
			isa = XCBuildConfiguration;
			buildSettings = {
				ALWAYS_EMBED_SWIFT_STANDARD_LIBRARIES = YES;
				BUNDLE_LOADER = "$(TEST_HOST)";
				CODE_SIGN_STYLE = Automatic;
				CURRENT_PROJECT_VERSION = 1;
				DEVELOPMENT_TEAM = RXMQ6Y57R5;
				GENERATE_INFOPLIST_FILE = YES;
				IPHONEOS_DEPLOYMENT_TARGET = 16.4;
				MACOSX_DEPLOYMENT_TARGET = 13.3;
				MARKETING_VERSION = 1.0;
				PRODUCT_BUNDLE_IDENTIFIER = "JEANE.Capstone-IOSTests";
				PRODUCT_NAME = "$(TARGET_NAME)";
				SDKROOT = auto;
				SUPPORTED_PLATFORMS = "iphoneos iphonesimulator macosx";
				SWIFT_EMIT_LOC_STRINGS = NO;
				SWIFT_VERSION = 5.0;
				TARGETED_DEVICE_FAMILY = "1,2";
				TEST_HOST = "$(BUILT_PRODUCTS_DIR)/Capstone_IOS.app/$(BUNDLE_EXECUTABLE_FOLDER_PATH)/Capstone_IOS";
			};
			name = Debug;
		};
		D9AF96292C911F2500C159A0 /* Release */ = {
			isa = XCBuildConfiguration;
			buildSettings = {
				ALWAYS_EMBED_SWIFT_STANDARD_LIBRARIES = YES;
				BUNDLE_LOADER = "$(TEST_HOST)";
				CODE_SIGN_STYLE = Automatic;
				CURRENT_PROJECT_VERSION = 1;
				DEVELOPMENT_TEAM = RXMQ6Y57R5;
				GENERATE_INFOPLIST_FILE = YES;
				IPHONEOS_DEPLOYMENT_TARGET = 16.4;
				MACOSX_DEPLOYMENT_TARGET = 13.3;
				MARKETING_VERSION = 1.0;
				PRODUCT_BUNDLE_IDENTIFIER = "JEANE.Capstone-IOSTests";
				PRODUCT_NAME = "$(TARGET_NAME)";
				SDKROOT = auto;
				SUPPORTED_PLATFORMS = "iphoneos iphonesimulator macosx";
				SWIFT_EMIT_LOC_STRINGS = NO;
				SWIFT_VERSION = 5.0;
				TARGETED_DEVICE_FAMILY = "1,2";
				TEST_HOST = "$(BUILT_PRODUCTS_DIR)/Capstone_IOS.app/$(BUNDLE_EXECUTABLE_FOLDER_PATH)/Capstone_IOS";
			};
			name = Release;
		};
		D9AF962B2C911F2500C159A0 /* Debug */ = {
			isa = XCBuildConfiguration;
			buildSettings = {
				ALWAYS_EMBED_SWIFT_STANDARD_LIBRARIES = YES;
				CODE_SIGN_STYLE = Automatic;
				CURRENT_PROJECT_VERSION = 1;
				DEVELOPMENT_TEAM = RXMQ6Y57R5;
				GENERATE_INFOPLIST_FILE = YES;
				IPHONEOS_DEPLOYMENT_TARGET = 16.4;
				MACOSX_DEPLOYMENT_TARGET = 13.3;
				MARKETING_VERSION = 1.0;
				PRODUCT_BUNDLE_IDENTIFIER = "JEANE.Capstone-IOSUITests";
				PRODUCT_NAME = "$(TARGET_NAME)";
				SDKROOT = auto;
				SUPPORTED_PLATFORMS = "iphoneos iphonesimulator macosx";
				SWIFT_EMIT_LOC_STRINGS = NO;
				SWIFT_VERSION = 5.0;
				TARGETED_DEVICE_FAMILY = "1,2";
				TEST_TARGET_NAME = Capstone_IOS;
			};
			name = Debug;
		};
		D9AF962C2C911F2500C159A0 /* Release */ = {
			isa = XCBuildConfiguration;
			buildSettings = {
				ALWAYS_EMBED_SWIFT_STANDARD_LIBRARIES = YES;
				CODE_SIGN_STYLE = Automatic;
				CURRENT_PROJECT_VERSION = 1;
				DEVELOPMENT_TEAM = RXMQ6Y57R5;
				GENERATE_INFOPLIST_FILE = YES;
				IPHONEOS_DEPLOYMENT_TARGET = 16.4;
				MACOSX_DEPLOYMENT_TARGET = 13.3;
				MARKETING_VERSION = 1.0;
				PRODUCT_BUNDLE_IDENTIFIER = "JEANE.Capstone-IOSUITests";
				PRODUCT_NAME = "$(TARGET_NAME)";
				SDKROOT = auto;
				SUPPORTED_PLATFORMS = "iphoneos iphonesimulator macosx";
				SWIFT_EMIT_LOC_STRINGS = NO;
				SWIFT_VERSION = 5.0;
				TARGETED_DEVICE_FAMILY = "1,2";
				TEST_TARGET_NAME = Capstone_IOS;
			};
			name = Release;
		};
/* End XCBuildConfiguration section */

/* Begin XCConfigurationList section */
		D9AF95FA2C911F2500C159A0 /* Build configuration list for PBXProject "Capstone_IOS" */ = {
			isa = XCConfigurationList;
			buildConfigurations = (
				D9AF96222C911F2500C159A0 /* Debug */,
				D9AF96232C911F2500C159A0 /* Release */,
			);
			defaultConfigurationIsVisible = 0;
			defaultConfigurationName = Release;
		};
		D9AF96242C911F2500C159A0 /* Build configuration list for PBXNativeTarget "Capstone_IOS" */ = {
			isa = XCConfigurationList;
			buildConfigurations = (
				D9AF96252C911F2500C159A0 /* Debug */,
				D9AF96262C911F2500C159A0 /* Release */,
			);
			defaultConfigurationIsVisible = 0;
			defaultConfigurationName = Release;
		};
		D9AF96272C911F2500C159A0 /* Build configuration list for PBXNativeTarget "Capstone_IOSTests" */ = {
			isa = XCConfigurationList;
			buildConfigurations = (
				D9AF96282C911F2500C159A0 /* Debug */,
				D9AF96292C911F2500C159A0 /* Release */,
			);
			defaultConfigurationIsVisible = 0;
			defaultConfigurationName = Release;
		};
		D9AF962A2C911F2500C159A0 /* Build configuration list for PBXNativeTarget "Capstone_IOSUITests" */ = {
			isa = XCConfigurationList;
			buildConfigurations = (
				D9AF962B2C911F2500C159A0 /* Debug */,
				D9AF962C2C911F2500C159A0 /* Release */,
			);
			defaultConfigurationIsVisible = 0;
			defaultConfigurationName = Release;
		};
/* End XCConfigurationList section */
	};
	rootObject = D9AF95F72C911F2500C159A0 /* Project object */;
}
